
Microsoft Visual Studio Solution File, Format Version 12.00
# Visual Studio Version 17
VisualStudioVersion = 17.0.31903.59
MinimumVisualStudioVersion = 10.0.40219.1
Project("{FAE04EC0-301F-11D3-BF4B-00C04F79EFBC}") = "Atlas", "Atlas\Atlas.csproj", "{43679BAB-8D29-4EE4-8931-34D220169017}"
EndProject
Project("{FAE04EC0-301F-11D3-BF4B-00C04F79EFBC}") = "Atlas.Telescope", "Atlas.Telescope\Atlas.Telescope.csproj", "{3BDBA0FF-46CB-4A2E-B713-99C51A08517A}"
EndProject
Project("{FAE04EC0-301F-11D3-BF4B-00C04F79EFBC}") = "Atlas.Tests", "Atlas.Tests\Atlas.Tests.csproj", "{A7176B35-07EA-4774-8870-D99E9AA8A530}"
EndProject
Project("{FAE04EC0-301F-11D3-BF4B-00C04F79EFBC}") = "Atlas.Extras", "Atlas.Extras\Atlas.Extras.csproj", "{58CDC6D7-55C3-48C0-B4F9-789910F4B881}"
EndProject
Project("{FAE04EC0-301F-11D3-BF4B-00C04F79EFBC}") = "Atlas.Physics", "Atlas.Physics\Atlas.Physics.csproj", "{E6C0A530-036C-4515-94C5-6056267DEEB6}"
EndProject
Project("{FAE04EC0-301F-11D3-BF4B-00C04F79EFBC}") = "Atlas.Tools", "Atlas.Tools\Atlas.Tools.csproj", "{B2D5D188-5888-457D-958D-77EC3DD710EA}"
EndProject
Global
	GlobalSection(SolutionConfigurationPlatforms) = preSolution
		Debug|Any CPU = Debug|Any CPU
		Release|Any CPU = Release|Any CPU
	EndGlobalSection
	GlobalSection(SolutionProperties) = preSolution
		HideSolutionNode = FALSE
	EndGlobalSection
	GlobalSection(ProjectConfigurationPlatforms) = postSolution
		{43679BAB-8D29-4EE4-8931-34D220169017}.Debug|Any CPU.ActiveCfg = Debug|Any CPU
		{43679BAB-8D29-4EE4-8931-34D220169017}.Debug|Any CPU.Build.0 = Debug|Any CPU
		{43679BAB-8D29-4EE4-8931-34D220169017}.Release|Any CPU.ActiveCfg = Release|Any CPU
		{43679BAB-8D29-4EE4-8931-34D220169017}.Release|Any CPU.Build.0 = Release|Any CPU
		{3BDBA0FF-46CB-4A2E-B713-99C51A08517A}.Debug|Any CPU.ActiveCfg = Debug|Any CPU
		{3BDBA0FF-46CB-4A2E-B713-99C51A08517A}.Debug|Any CPU.Build.0 = Debug|Any CPU
		{3BDBA0FF-46CB-4A2E-B713-99C51A08517A}.Release|Any CPU.ActiveCfg = Release|Any CPU
		{3BDBA0FF-46CB-4A2E-B713-99C51A08517A}.Release|Any CPU.Build.0 = Release|Any CPU
		{A7176B35-07EA-4774-8870-D99E9AA8A530}.Debug|Any CPU.ActiveCfg = Debug|Any CPU
		{A7176B35-07EA-4774-8870-D99E9AA8A530}.Debug|Any CPU.Build.0 = Debug|Any CPU
		{A7176B35-07EA-4774-8870-D99E9AA8A530}.Release|Any CPU.ActiveCfg = Release|Any CPU
		{A7176B35-07EA-4774-8870-D99E9AA8A530}.Release|Any CPU.Build.0 = Release|Any CPU
		{58CDC6D7-55C3-48C0-B4F9-789910F4B881}.Debug|Any CPU.ActiveCfg = Debug|Any CPU
		{58CDC6D7-55C3-48C0-B4F9-789910F4B881}.Debug|Any CPU.Build.0 = Debug|Any CPU
		{58CDC6D7-55C3-48C0-B4F9-789910F4B881}.Release|Any CPU.ActiveCfg = Release|Any CPU
		{58CDC6D7-55C3-48C0-B4F9-789910F4B881}.Release|Any CPU.Build.0 = Release|Any CPU
		{E6C0A530-036C-4515-94C5-6056267DEEB6}.Debug|Any CPU.ActiveCfg = Debug|Any CPU
		{E6C0A530-036C-4515-94C5-6056267DEEB6}.Debug|Any CPU.Build.0 = Debug|Any CPU
		{E6C0A530-036C-4515-94C5-6056267DEEB6}.Release|Any CPU.ActiveCfg = Release|Any CPU
		{E6C0A530-036C-4515-94C5-6056267DEEB6}.Release|Any CPU.Build.0 = Release|Any CPU
		{B2D5D188-5888-457D-958D-77EC3DD710EA}.Debug|Any CPU.ActiveCfg = Debug|Any CPU
		{B2D5D188-5888-457D-958D-77EC3DD710EA}.Debug|Any CPU.Build.0 = Debug|Any CPU
		{B2D5D188-5888-457D-958D-77EC3DD710EA}.Release|Any CPU.ActiveCfg = Release|Any CPU
		{B2D5D188-5888-457D-958D-77EC3DD710EA}.Release|Any CPU.Build.0 = Release|Any CPU
	EndGlobalSection
EndGlobal
