
Microsoft Visual Studio Solution File, Format Version 12.00
# Visual Studio Version 17
VisualStudioVersion = 17.0.31903.59
MinimumVisualStudioVersion = 10.0.40219.1
Project("{FAE04EC0-301F-11D3-BF4B-00C04F79EFBC}") = "Atlas", "Atlas\Atlas.csproj", "{43679BAB-8D29-4EE4-8931-34D220169017}"
EndProject
Project("{FAE04EC0-301F-11D3-BF4B-00C04F79EFBC}") = "Atlas.Telescope", "Atlas.Telescope\Atlas.Telescope.csproj", "{3BDBA0FF-46CB-4A2E-B713-99C51A08517A}"
EndProject
Global
	GlobalSection(SolutionConfigurationPlatforms) = preSolution
		Debug|Any CPU = Debug|Any CPU
		Release|Any CPU = Release|Any CPU
	EndGlobalSection
	GlobalSection(SolutionProperties) = preSolution
		HideSolutionNode = FALSE
	EndGlobalSection
	GlobalSection(ProjectConfigurationPlatforms) = postSolution
		{43679BAB-8D29-4EE4-8931-34D220169017}.Debug|Any CPU.ActiveCfg = Debug|Any CPU
		{43679BAB-8D29-4EE4-8931-34D220169017}.Debug|Any CPU.Build.0 = Debug|Any CPU
		{43679BAB-8D29-4EE4-8931-34D220169017}.Release|Any CPU.ActiveCfg = Release|Any CPU
		{43679BAB-8D29-4EE4-8931-34D220169017}.Release|Any CPU.Build.0 = Release|Any CPU
		{3BDBA0FF-46CB-4A2E-B713-99C51A08517A}.Debug|Any CPU.ActiveCfg = Debug|Any CPU
		{3BDBA0FF-46CB-4A2E-B713-99C51A08517A}.Debug|Any CPU.Build.0 = Debug|Any CPU
		{3BDBA0FF-46CB-4A2E-B713-99C51A08517A}.Release|Any CPU.ActiveCfg = Release|Any CPU
		{3BDBA0FF-46CB-4A2E-B713-99C51A08517A}.Release|Any CPU.Build.0 = Release|Any CPU
	EndGlobalSection
EndGlobal
